
Microsoft Visual Studio Solution File, Format Version 12.00
# Visual Studio Version 17
VisualStudioVersion = 17.3.32929.385
MinimumVisualStudioVersion = 10.0.40219.1
Project("{9A19103F-16F7-4668-BE54-9A1E7A4F7556}") = "AutorService", "AutorService\AutorService.csproj", "{0604413A-4049-4C49-BF2B-DDF9931A289C}"
EndProject
Project("{9A19103F-16F7-4668-BE54-9A1E7A4F7556}") = "BookService", "BookService\BookService.csproj", "{9EEC76C6-B2A8-4A1F-9B76-939C29DA1AC2}"
EndProject
Project("{9A19103F-16F7-4668-BE54-9A1E7A4F7556}") = "CartService", "CartService\CartService.csproj", "{90F47F38-6BC2-4134-BE02-4746F4A20DDE}"
EndProject
Project("{FAE04EC0-301F-11D3-BF4B-00C04F79EFBC}") = "BookTest", "BookTest\BookTest.csproj", "{847BD847-D9CD-409E-A040-671D462EF560}"
EndProject
Global
	GlobalSection(SolutionConfigurationPlatforms) = preSolution
		Debug|Any CPU = Debug|Any CPU
		Release|Any CPU = Release|Any CPU
	EndGlobalSection
	GlobalSection(ProjectConfigurationPlatforms) = postSolution
		{0604413A-4049-4C49-BF2B-DDF9931A289C}.Debug|Any CPU.ActiveCfg = Debug|Any CPU
		{0604413A-4049-4C49-BF2B-DDF9931A289C}.Debug|Any CPU.Build.0 = Debug|Any CPU
		{0604413A-4049-4C49-BF2B-DDF9931A289C}.Release|Any CPU.ActiveCfg = Release|Any CPU
		{0604413A-4049-4C49-BF2B-DDF9931A289C}.Release|Any CPU.Build.0 = Release|Any CPU
		{9EEC76C6-B2A8-4A1F-9B76-939C29DA1AC2}.Debug|Any CPU.ActiveCfg = Debug|Any CPU
		{9EEC76C6-B2A8-4A1F-9B76-939C29DA1AC2}.Debug|Any CPU.Build.0 = Debug|Any CPU
		{9EEC76C6-B2A8-4A1F-9B76-939C29DA1AC2}.Release|Any CPU.ActiveCfg = Release|Any CPU
		{9EEC76C6-B2A8-4A1F-9B76-939C29DA1AC2}.Release|Any CPU.Build.0 = Release|Any CPU
		{90F47F38-6BC2-4134-BE02-4746F4A20DDE}.Debug|Any CPU.ActiveCfg = Debug|Any CPU
		{90F47F38-6BC2-4134-BE02-4746F4A20DDE}.Debug|Any CPU.Build.0 = Debug|Any CPU
		{90F47F38-6BC2-4134-BE02-4746F4A20DDE}.Release|Any CPU.ActiveCfg = Release|Any CPU
		{90F47F38-6BC2-4134-BE02-4746F4A20DDE}.Release|Any CPU.Build.0 = Release|Any CPU
		{847BD847-D9CD-409E-A040-671D462EF560}.Debug|Any CPU.ActiveCfg = Debug|Any CPU
		{847BD847-D9CD-409E-A040-671D462EF560}.Debug|Any CPU.Build.0 = Debug|Any CPU
		{847BD847-D9CD-409E-A040-671D462EF560}.Release|Any CPU.ActiveCfg = Release|Any CPU
		{847BD847-D9CD-409E-A040-671D462EF560}.Release|Any CPU.Build.0 = Release|Any CPU
	EndGlobalSection
	GlobalSection(SolutionProperties) = preSolution
		HideSolutionNode = FALSE
	EndGlobalSection
	GlobalSection(ExtensibilityGlobals) = postSolution
		SolutionGuid = {09C4BDF3-5CAE-4B00-A062-D1826E0F5F07}
	EndGlobalSection
EndGlobal
